
Microsoft Visual Studio Solution File, Format Version 12.00
# Visual Studio Version 16
VisualStudioVersion = 16.0.29215.179
MinimumVisualStudioVersion = 10.0.40219.1
Project("{FAE04EC0-301F-11D3-BF4B-00C04F79EFBC}") = "PatientAppMVVM.Android", "PatientAppMVVM\PatientAppMVVM.Android\PatientAppMVVM.Android.csproj", "{53903C7D-5881-493F-BE4C-5EDDDA94DC24}"
EndProject
Project("{9A19103F-16F7-4668-BE54-9A1E7A4F7556}") = "PatientAppLib", "PatientAppMVVM\PatientAppMVVM\PatientAppLib.csproj", "{CDFE0B2B-930A-4E5C-954B-167F9E31A36E}"
EndProject
Project("{9A19103F-16F7-4668-BE54-9A1E7A4F7556}") = "ModelsLib", "..\AsclepiusServices\ModelsLib\ModelsLib.csproj", "{44AC3289-6830-43C2-9AC4-CC49988ADC09}"
EndProject
Global
	GlobalSection(SolutionConfigurationPlatforms) = preSolution
		Debug|Any CPU = Debug|Any CPU
		Debug|ARM = Debug|ARM
		Debug|x64 = Debug|x64
		Debug|x86 = Debug|x86
		Release|Any CPU = Release|Any CPU
		Release|ARM = Release|ARM
		Release|x64 = Release|x64
		Release|x86 = Release|x86
	EndGlobalSection
	GlobalSection(ProjectConfigurationPlatforms) = postSolution
		{53903C7D-5881-493F-BE4C-5EDDDA94DC24}.Debug|Any CPU.ActiveCfg = Debug|Any CPU
		{53903C7D-5881-493F-BE4C-5EDDDA94DC24}.Debug|Any CPU.Build.0 = Debug|Any CPU
		{53903C7D-5881-493F-BE4C-5EDDDA94DC24}.Debug|Any CPU.Deploy.0 = Debug|Any CPU
		{53903C7D-5881-493F-BE4C-5EDDDA94DC24}.Debug|ARM.ActiveCfg = Debug|Any CPU
		{53903C7D-5881-493F-BE4C-5EDDDA94DC24}.Debug|ARM.Build.0 = Debug|Any CPU
		{53903C7D-5881-493F-BE4C-5EDDDA94DC24}.Debug|ARM.Deploy.0 = Debug|Any CPU
		{53903C7D-5881-493F-BE4C-5EDDDA94DC24}.Debug|x64.ActiveCfg = Debug|Any CPU
		{53903C7D-5881-493F-BE4C-5EDDDA94DC24}.Debug|x64.Build.0 = Debug|Any CPU
		{53903C7D-5881-493F-BE4C-5EDDDA94DC24}.Debug|x64.Deploy.0 = Debug|Any CPU
		{53903C7D-5881-493F-BE4C-5EDDDA94DC24}.Debug|x86.ActiveCfg = Debug|Any CPU
		{53903C7D-5881-493F-BE4C-5EDDDA94DC24}.Debug|x86.Build.0 = Debug|Any CPU
		{53903C7D-5881-493F-BE4C-5EDDDA94DC24}.Debug|x86.Deploy.0 = Debug|Any CPU
		{53903C7D-5881-493F-BE4C-5EDDDA94DC24}.Release|Any CPU.ActiveCfg = Release|Any CPU
		{53903C7D-5881-493F-BE4C-5EDDDA94DC24}.Release|Any CPU.Build.0 = Release|Any CPU
		{53903C7D-5881-493F-BE4C-5EDDDA94DC24}.Release|Any CPU.Deploy.0 = Release|Any CPU
		{53903C7D-5881-493F-BE4C-5EDDDA94DC24}.Release|ARM.ActiveCfg = Release|Any CPU
		{53903C7D-5881-493F-BE4C-5EDDDA94DC24}.Release|ARM.Build.0 = Release|Any CPU
		{53903C7D-5881-493F-BE4C-5EDDDA94DC24}.Release|ARM.Deploy.0 = Release|Any CPU
		{53903C7D-5881-493F-BE4C-5EDDDA94DC24}.Release|x64.ActiveCfg = Release|Any CPU
		{53903C7D-5881-493F-BE4C-5EDDDA94DC24}.Release|x64.Build.0 = Release|Any CPU
		{53903C7D-5881-493F-BE4C-5EDDDA94DC24}.Release|x64.Deploy.0 = Release|Any CPU
		{53903C7D-5881-493F-BE4C-5EDDDA94DC24}.Release|x86.ActiveCfg = Release|Any CPU
		{53903C7D-5881-493F-BE4C-5EDDDA94DC24}.Release|x86.Build.0 = Release|Any CPU
		{53903C7D-5881-493F-BE4C-5EDDDA94DC24}.Release|x86.Deploy.0 = Release|Any CPU
		{CDFE0B2B-930A-4E5C-954B-167F9E31A36E}.Debug|Any CPU.ActiveCfg = Debug|Any CPU
		{CDFE0B2B-930A-4E5C-954B-167F9E31A36E}.Debug|Any CPU.Build.0 = Debug|Any CPU
		{CDFE0B2B-930A-4E5C-954B-167F9E31A36E}.Debug|Any CPU.Deploy.0 = Debug|Any CPU
		{CDFE0B2B-930A-4E5C-954B-167F9E31A36E}.Debug|ARM.ActiveCfg = Debug|Any CPU
		{CDFE0B2B-930A-4E5C-954B-167F9E31A36E}.Debug|ARM.Build.0 = Debug|Any CPU
		{CDFE0B2B-930A-4E5C-954B-167F9E31A36E}.Debug|ARM.Deploy.0 = Debug|Any CPU
		{CDFE0B2B-930A-4E5C-954B-167F9E31A36E}.Debug|x64.ActiveCfg = Debug|Any CPU
		{CDFE0B2B-930A-4E5C-954B-167F9E31A36E}.Debug|x64.Build.0 = Debug|Any CPU
		{CDFE0B2B-930A-4E5C-954B-167F9E31A36E}.Debug|x64.Deploy.0 = Debug|Any CPU
		{CDFE0B2B-930A-4E5C-954B-167F9E31A36E}.Debug|x86.ActiveCfg = Debug|Any CPU
		{CDFE0B2B-930A-4E5C-954B-167F9E31A36E}.Debug|x86.Build.0 = Debug|Any CPU
		{CDFE0B2B-930A-4E5C-954B-167F9E31A36E}.Debug|x86.Deploy.0 = Debug|Any CPU
		{CDFE0B2B-930A-4E5C-954B-167F9E31A36E}.Release|Any CPU.ActiveCfg = Release|Any CPU
		{CDFE0B2B-930A-4E5C-954B-167F9E31A36E}.Release|Any CPU.Build.0 = Release|Any CPU
		{CDFE0B2B-930A-4E5C-954B-167F9E31A36E}.Release|Any CPU.Deploy.0 = Release|Any CPU
		{CDFE0B2B-930A-4E5C-954B-167F9E31A36E}.Release|ARM.ActiveCfg = Release|Any CPU
		{CDFE0B2B-930A-4E5C-954B-167F9E31A36E}.Release|ARM.Build.0 = Release|Any CPU
		{CDFE0B2B-930A-4E5C-954B-167F9E31A36E}.Release|ARM.Deploy.0 = Release|Any CPU
		{CDFE0B2B-930A-4E5C-954B-167F9E31A36E}.Release|x64.ActiveCfg = Release|Any CPU
		{CDFE0B2B-930A-4E5C-954B-167F9E31A36E}.Release|x64.Build.0 = Release|Any CPU
		{CDFE0B2B-930A-4E5C-954B-167F9E31A36E}.Release|x64.Deploy.0 = Release|Any CPU
		{CDFE0B2B-930A-4E5C-954B-167F9E31A36E}.Release|x86.ActiveCfg = Release|Any CPU
		{CDFE0B2B-930A-4E5C-954B-167F9E31A36E}.Release|x86.Build.0 = Release|Any CPU
		{CDFE0B2B-930A-4E5C-954B-167F9E31A36E}.Release|x86.Deploy.0 = Release|Any CPU
		{44AC3289-6830-43C2-9AC4-CC49988ADC09}.Debug|Any CPU.ActiveCfg = Debug|Any CPU
		{44AC3289-6830-43C2-9AC4-CC49988ADC09}.Debug|Any CPU.Build.0 = Debug|Any CPU
		{44AC3289-6830-43C2-9AC4-CC49988ADC09}.Debug|ARM.ActiveCfg = Debug|Any CPU
		{44AC3289-6830-43C2-9AC4-CC49988ADC09}.Debug|ARM.Build.0 = Debug|Any CPU
		{44AC3289-6830-43C2-9AC4-CC49988ADC09}.Debug|x64.ActiveCfg = Debug|Any CPU
		{44AC3289-6830-43C2-9AC4-CC49988ADC09}.Debug|x64.Build.0 = Debug|Any CPU
		{44AC3289-6830-43C2-9AC4-CC49988ADC09}.Debug|x86.ActiveCfg = Debug|Any CPU
		{44AC3289-6830-43C2-9AC4-CC49988ADC09}.Debug|x86.Build.0 = Debug|Any CPU
		{44AC3289-6830-43C2-9AC4-CC49988ADC09}.Release|Any CPU.ActiveCfg = Release|Any CPU
		{44AC3289-6830-43C2-9AC4-CC49988ADC09}.Release|Any CPU.Build.0 = Release|Any CPU
		{44AC3289-6830-43C2-9AC4-CC49988ADC09}.Release|ARM.ActiveCfg = Release|Any CPU
		{44AC3289-6830-43C2-9AC4-CC49988ADC09}.Release|ARM.Build.0 = Release|Any CPU
		{44AC3289-6830-43C2-9AC4-CC49988ADC09}.Release|x64.ActiveCfg = Release|Any CPU
		{44AC3289-6830-43C2-9AC4-CC49988ADC09}.Release|x64.Build.0 = Release|Any CPU
		{44AC3289-6830-43C2-9AC4-CC49988ADC09}.Release|x86.ActiveCfg = Release|Any CPU
		{44AC3289-6830-43C2-9AC4-CC49988ADC09}.Release|x86.Build.0 = Release|Any CPU
	EndGlobalSection
	GlobalSection(SolutionProperties) = preSolution
		HideSolutionNode = FALSE
	EndGlobalSection
	GlobalSection(ExtensibilityGlobals) = postSolution
		SolutionGuid = {D150B7A3-E914-4A5C-99A9-8E027EC3DF1E}
	EndGlobalSection
EndGlobal
